
Microsoft Visual Studio Solution File, Format Version 12.00
# Visual Studio Version 17
VisualStudioVersion = 17.10.35013.160
MinimumVisualStudioVersion = 10.0.40219.1
Project("{FAE04EC0-301F-11D3-BF4B-00C04F79EFBC}") = "DailyDiary", "DailyDiary\DailyDiary.csproj", "{9B6C115A-7336-49D3-A813-810BD76923FF}"
EndProject
Project("{FAE04EC0-301F-11D3-BF4B-00C04F79EFBC}") = "Daily-Diary-Test", "Daily-Diary-Test\Daily-Diary-Test.csproj", "{22C43C9C-976F-4F3F-85D9-CBC6C172CA62}"
EndProject
Global
	GlobalSection(SolutionConfigurationPlatforms) = preSolution
		Debug|Any CPU = Debug|Any CPU
		Release|Any CPU = Release|Any CPU
	EndGlobalSection
	GlobalSection(ProjectConfigurationPlatforms) = postSolution
		{9B6C115A-7336-49D3-A813-810BD76923FF}.Debug|Any CPU.ActiveCfg = Debug|Any CPU
		{9B6C115A-7336-49D3-A813-810BD76923FF}.Debug|Any CPU.Build.0 = Debug|Any CPU
		{9B6C115A-7336-49D3-A813-810BD76923FF}.Release|Any CPU.ActiveCfg = Release|Any CPU
		{9B6C115A-7336-49D3-A813-810BD76923FF}.Release|Any CPU.Build.0 = Release|Any CPU
		{22C43C9C-976F-4F3F-85D9-CBC6C172CA62}.Debug|Any CPU.ActiveCfg = Debug|Any CPU
		{22C43C9C-976F-4F3F-85D9-CBC6C172CA62}.Debug|Any CPU.Build.0 = Debug|Any CPU
		{22C43C9C-976F-4F3F-85D9-CBC6C172CA62}.Release|Any CPU.ActiveCfg = Release|Any CPU
		{22C43C9C-976F-4F3F-85D9-CBC6C172CA62}.Release|Any CPU.Build.0 = Release|Any CPU
	EndGlobalSection
	GlobalSection(SolutionProperties) = preSolution
		HideSolutionNode = FALSE
	EndGlobalSection
	GlobalSection(ExtensibilityGlobals) = postSolution
		SolutionGuid = {7C9CC6DE-C1CA-4023-B789-E7A798A56201}
	EndGlobalSection
EndGlobal
